<?xml version="1.0" encoding="utf-8"?>
<Project ToolsVersion="4.0" xmlns="http://schemas.microsoft.com/developer/msbuild/2003">
  <ItemGroup>
    <Filter Include="源文件">
      <UniqueIdentifier>{4FC737F1-C7A5-4376-A066-2A32D752A2FF}</UniqueIdentifier>
      <Extensions>cpp;c;cc;cxx;c++;cppm;ixx;def;odl;idl;hpj;bat;asm;asmx</Extensions>
    </Filter>
    <Filter Include="头文件">
      <UniqueIdentifier>{93995380-89BD-4b04-88EB-625FBE52EBFB}</UniqueIdentifier>
      <Extensions>h;hh;hpp;hxx;h++;hm;inl;inc;ipp;xsd</Extensions>
    </Filter>
    <Filter Include="资源文件">
      <UniqueIdentifier>{67DA6AB6-F800-4c08-8B7A-83BB121AAD01}</UniqueIdentifier>
      <Extensions>rc;ico;cur;bmp;dlg;rc2;rct;bin;rgs;gif;jpg;jpeg;jpe;resx;tiff;tif;png;wav;mfcribbon-ms</Extensions>
    </Filter>
    <Filter Include="LuaWrap">
      <UniqueIdentifier>{a25bc57f-220b-45ed-bb74-8024bd2867be}</UniqueIdentifier>
    </Filter>
    <Filter Include="Math">
      <UniqueIdentifier>{e40c68b2-581c-4347-826f-71eca3cca993}</UniqueIdentifier>
    </Filter>
    <Filter Include="Editor">
      <UniqueIdentifier>{925d5f95-bb96-4598-81bd-91393859b792}</UniqueIdentifier>
    </Filter>
    <Filter Include="Vulkan">
      <UniqueIdentifier>{dc46173f-d973-4a85-a567-8de47d9e0a7e}</UniqueIdentifier>
    </Filter>
    <Filter Include="Window">
      <UniqueIdentifier>{430c993e-1c7c-4098-ab27-d9dae92e96ed}</UniqueIdentifier>
    </Filter>
    <Filter Include="Input">
      <UniqueIdentifier>{06b28a0d-fe7e-41c8-b1fe-85a0a20bc54f}</UniqueIdentifier>
    </Filter>
    <Filter Include="DirectX12">
      <UniqueIdentifier>{43c3bf07-a10a-46ca-b5e8-165b8d16888c}</UniqueIdentifier>
    </Filter>
    <Filter Include="Concurrent">
      <UniqueIdentifier>{796c206f-aa5c-434a-90bd-bbce83461097}</UniqueIdentifier>
    </Filter>
    <Filter Include="PhysZ">
      <UniqueIdentifier>{904b7534-7119-4d42-872c-31fb57e75dc5}</UniqueIdentifier>
    </Filter>
    <Filter Include="External">
      <UniqueIdentifier>{00d74f2e-2266-4907-ac95-b0247798b36e}</UniqueIdentifier>
    </Filter>
    <Filter Include="PhysZ\Force">
      <UniqueIdentifier>{c9bc3a81-4ef2-4877-9603-9d1a6bef5636}</UniqueIdentifier>
    </Filter>
    <Filter Include="External\Lua">
      <UniqueIdentifier>{c99d4948-e521-4c21-b3dc-0c440d6f6597}</UniqueIdentifier>
    </Filter>
    <Filter Include="External\ImGui">
      <UniqueIdentifier>{0ad4c03f-e08b-4115-9ee4-25e2aa4bd1cc}</UniqueIdentifier>
    </Filter>
    <Filter Include="Component">
      <UniqueIdentifier>{5c8f325c-a511-47ad-b8cf-375c6e7f2d31}</UniqueIdentifier>
    </Filter>
    <Filter Include="PhysZ\BoundingVolume">
      <UniqueIdentifier>{6e684a37-a362-4568-987b-9098dcde4b77}</UniqueIdentifier>
    </Filter>
  </ItemGroup>
  <ItemGroup>
    <ClCompile Include="..\..\CPPScripts\GameObject.cpp">
      <Filter>源文件</Filter>
    </ClCompile>
    <ClCompile Include="..\..\CPPScripts\Scene.cpp">
      <Filter>源文件</Filter>
    </ClCompile>
    <ClCompile Include="..\..\CPPScripts\SceneManager.cpp">
      <Filter>源文件</Filter>
    </ClCompile>
    <ClCompile Include="..\..\CPPScripts\Game.cpp">
      <Filter>源文件</Filter>
    </ClCompile>
    <ClCompile Include="..\..\CPPScripts\Entry.cpp">
      <Filter>源文件</Filter>
    </ClCompile>
    <ClCompile Include="..\..\CPPScripts\StaticMesh.cpp">
      <Filter>源文件</Filter>
    </ClCompile>
    <ClCompile Include="..\..\CPPScripts\RenderEngine.cpp">
      <Filter>源文件</Filter>
    </ClCompile>
    <ClCompile Include="..\..\CPPScripts\Texture.cpp">
      <Filter>源文件</Filter>
    </ClCompile>
    <ClCompile Include="..\..\CPPScripts\Material.cpp">
      <Filter>源文件</Filter>
    </ClCompile>
    <ClCompile Include="..\..\CPPScripts\ZShader.cpp">
      <Filter>源文件</Filter>
    </ClCompile>
    <ClCompile Include="..\..\CPPScripts\RenderAPIOpenGL.cpp">
      <Filter>源文件</Filter>
    </ClCompile>
    <ClCompile Include="..\..\CPPScripts\RenderAPI.cpp">
      <Filter>源文件</Filter>
    </ClCompile>
    <ClCompile Include="..\..\CPPScripts\RenderQueue.cpp">
      <Filter>源文件</Filter>
    </ClCompile>
    <ClCompile Include="..\..\CPPScripts\RenderQueueManager.cpp">
      <Filter>源文件</Filter>
    </ClCompile>
    <ClCompile Include="..\..\CPPScripts\Resources.cpp">
      <Filter>源文件</Filter>
    </ClCompile>
    <ClCompile Include="..\..\CPPScripts\EventManager.cpp">
      <Filter>源文件</Filter>
    </ClCompile>
    <ClCompile Include="..\..\CPPScripts\Utils.cpp">
      <Filter>源文件</Filter>
    </ClCompile>
    <ClCompile Include="..\..\CPPScripts\Time.cpp">
      <Filter>源文件</Filter>
    </ClCompile>
    <ClCompile Include="..\..\CPPScripts\Math.cpp">
      <Filter>源文件</Filter>
    </ClCompile>
    <ClCompile Include="..\..\CPPScripts\CubeMap.cpp">
      <Filter>源文件</Filter>
    </ClCompile>
    <ClCompile Include="..\..\CPPScripts\RenderPassForwardRendering.cpp">
      <Filter>源文件</Filter>
    </ClCompile>
    <ClCompile Include="..\..\CPPScripts\RenderPassManager.cpp">
      <Filter>源文件</Filter>
    </ClCompile>
    <ClCompile Include="..\..\CPPScripts\RenderPassRayTracing.cpp">
      <Filter>源文件</Filter>
    </ClCompile>
    <ClCompile Include="..\..\CPPScripts\RenderPassShadowGeneration.cpp">
      <Filter>源文件</Filter>
    </ClCompile>
    <ClCompile Include="..\..\CPPScripts\LuaManager.cpp">
      <Filter>源文件</Filter>
    </ClCompile>
    <ClCompile Include="..\..\CPPScripts\GameLogicManager.cpp">
      <Filter>源文件</Filter>
    </ClCompile>
    <ClCompile Include="..\..\CPPScripts\Debug.cpp">
      <Filter>源文件</Filter>
    </ClCompile>
    <ClCompile Include="..\..\CPPScripts\FBOManager.cpp">
      <Filter>源文件</Filter>
    </ClCompile>
    <ClCompile Include="..\..\CPPScripts\GlobalData.cpp">
      <Filter>源文件</Filter>
    </ClCompile>
    <ClCompile Include="..\..\CPPScripts\RenderPassAfterEffectRendering.cpp">
      <Filter>源文件</Filter>
    </ClCompile>
    <ClCompile Include="..\..\CPPScripts\RenderPassUIRendering.cpp">
      <Filter>源文件</Filter>
    </ClCompile>
    <ClCompile Include="..\..\CPPScripts\TextCharactersManager.cpp">
      <Filter>源文件</Filter>
    </ClCompile>
    <ClCompile Include="..\..\CPPScripts\DynamicMesh.cpp">
      <Filter>源文件</Filter>
    </ClCompile>
    <ClCompile Include="..\..\CPPScripts\ParticleSystemManager.cpp">
      <Filter>源文件</Filter>
    </ClCompile>
    <ClCompile Include="..\..\CPPScripts\Math\Vector2.cpp">
      <Filter>Math</Filter>
    </ClCompile>
    <ClCompile Include="..\..\CPPScripts\Math\Vector3.cpp">
      <Filter>Math</Filter>
    </ClCompile>
    <ClCompile Include="..\..\CPPScripts\Math\Vector4.cpp">
      <Filter>Math</Filter>
    </ClCompile>
    <ClCompile Include="..\..\CPPScripts\Math\Matrix3.cpp">
      <Filter>Math</Filter>
    </ClCompile>
    <ClCompile Include="..\..\CPPScripts\Math\Matrix4.cpp">
      <Filter>Math</Filter>
    </ClCompile>
    <ClCompile Include="..\..\CPPScripts\Math\Quaternion.cpp">
      <Filter>Math</Filter>
    </ClCompile>
    <ClCompile Include="..\..\CPPScripts\ProjectSetting.cpp">
      <Filter>源文件</Filter>
    </ClCompile>
    <ClCompile Include="..\..\CPPScripts\Editor\EditorGUIManager.cpp">
      <Filter>Editor</Filter>
    </ClCompile>
    <ClCompile Include="..\..\CPPScripts\Editor\EditorHierarchyPanel.cpp">
      <Filter>Editor</Filter>
    </ClCompile>
    <ClCompile Include="..\..\CPPScripts\Editor\EditorProjectPanel.cpp">
      <Filter>Editor</Filter>
    </ClCompile>
    <ClCompile Include="..\..\CPPScripts\Editor\EditorInspectorPanel.cpp">
      <Filter>Editor</Filter>
    </ClCompile>
    <ClCompile Include="..\..\CPPScripts\Editor\EditorMainBarPanel.cpp">
      <Filter>Editor</Filter>
    </ClCompile>
    <ClCompile Include="..\..\CPPScripts\Editor\EditorDataManager.cpp">
      <Filter>Editor</Filter>
    </ClCompile>
    <ClCompile Include="..\..\CPPScripts\Editor\EditorAssetPreviewer.cpp">
      <Filter>Editor</Filter>
    </ClCompile>
    <ClCompile Include="..\..\CPPScripts\Editor\EditorEnumStruct.cpp">
      <Filter>Editor</Filter>
    </ClCompile>
    <ClCompile Include="..\..\CPPScripts\Editor\EditorInputManager.cpp">
      <Filter>Editor</Filter>
    </ClCompile>
    <ClCompile Include="..\..\CPPScripts\Editor\EditorConsolePanel.cpp">
      <Filter>Editor</Filter>
    </ClCompile>
    <ClCompile Include="..\..\CPPScripts\ZMesh.cpp">
      <Filter>源文件</Filter>
    </ClCompile>
    <ClCompile Include="..\..\CPPScripts\RenderAPIVulkan.cpp">
      <Filter>源文件</Filter>
    </ClCompile>
    <ClCompile Include="..\..\CPPScripts\Vulkan\SPIRVCompiler.cpp">
      <Filter>Vulkan</Filter>
    </ClCompile>
    <ClCompile Include="..\..\CPPScripts\ShaderParser.cpp">
      <Filter>源文件</Filter>
    </ClCompile>
    <ClCompile Include="..\..\CPPScripts\RenderEngineProperties.cpp">
      <Filter>源文件</Filter>
    </ClCompile>
    <ClCompile Include="..\..\CPPScripts\MaterialData.cpp">
      <Filter>源文件</Filter>
    </ClCompile>
    <ClCompile Include="..\..\CPPScripts\Editor\ImGuiTextureManagerOpenGL.cpp">
      <Filter>Editor</Filter>
    </ClCompile>
    <ClCompile Include="..\..\CPPScripts\Editor\ImGuiTextureManagerVulkan.cpp">
      <Filter>Editor</Filter>
    </ClCompile>
    <ClCompile Include="..\..\CPPScripts\Editor\ImGuiTextureManager.cpp">
      <Filter>Editor</Filter>
    </ClCompile>
    <ClCompile Include="..\..\CPPScripts\RenderAPID3D12.cpp">
      <Filter>源文件</Filter>
    </ClCompile>
    <ClCompile Include="..\..\CPPScripts\Window\WindowManager.cpp">
      <Filter>Window</Filter>
    </ClCompile>
    <ClCompile Include="..\..\CPPScripts\Window\WindowManagerGLFW.cpp">
      <Filter>Window</Filter>
    </ClCompile>
    <ClCompile Include="..\..\CPPScripts\Window\WindowManagerWindows.cpp">
      <Filter>Window</Filter>
    </ClCompile>
    <ClCompile Include="..\..\CPPScripts\Input\InputManager.cpp">
      <Filter>Input</Filter>
    </ClCompile>
    <ClCompile Include="..\..\CPPScripts\Input\InputManagerGLFW.cpp">
      <Filter>Input</Filter>
    </ClCompile>
    <ClCompile Include="..\..\CPPScripts\Input\InputManagerWindows.cpp">
      <Filter>Input</Filter>
    </ClCompile>
    <ClCompile Include="..\..\CPPScripts\DirectX12\ZXD3D12DescriptorManager.cpp">
      <Filter>DirectX12</Filter>
    </ClCompile>
    <ClCompile Include="..\..\CPPScripts\DirectX12\ZXD3D12DescriptorAllocator.cpp">
      <Filter>DirectX12</Filter>
    </ClCompile>
    <ClCompile Include="..\..\CPPScripts\DirectX12\ZXD3D12Util.cpp">
      <Filter>DirectX12</Filter>
    </ClCompile>
    <ClCompile Include="..\..\CPPScripts\Editor\EditorGUIManagerOpenGL.cpp">
      <Filter>Editor</Filter>
    </ClCompile>
    <ClCompile Include="..\..\CPPScripts\Editor\EditorGUIManagerVulkan.cpp">
      <Filter>Editor</Filter>
    </ClCompile>
    <ClCompile Include="..\..\CPPScripts\Editor\EditorGUIManagerDirectX12.cpp">
      <Filter>Editor</Filter>
    </ClCompile>
    <ClCompile Include="..\..\CPPScripts\Editor\ImGuiTextureManagerD3D12.cpp">
      <Filter>Editor</Filter>
    </ClCompile>
    <ClCompile Include="..\..\CPPScripts\GeometryGenerator.cpp">
      <Filter>源文件</Filter>
    </ClCompile>
    <ClCompile Include="..\..\CPPScripts\GeometryGenerator.h">
      <Filter>头文件</Filter>
    </ClCompile>
    <ClCompile Include="..\..\CPPScripts\PhysZ\PointMass.cpp">
      <Filter>PhysZ</Filter>
    </ClCompile>
    <ClCompile Include="..\..\CPPScripts\PhysZ\RigidBody.cpp">
      <Filter>PhysZ</Filter>
    </ClCompile>
    <ClCompile Include="..\..\CPPScripts\PhysZ\PScene.cpp">
      <Filter>PhysZ</Filter>
    </ClCompile>
    <ClCompile Include="..\..\Vendor\Src\d3dx12_property_format_table.cpp">
      <Filter>External</Filter>
    </ClCompile>
    <ClCompile Include="..\..\Vendor\Src\glad.c">
      <Filter>External</Filter>
    </ClCompile>
    <ClCompile Include="..\..\Vendor\Src\volk.c">
      <Filter>External</Filter>
    </ClCompile>
    <ClCompile Include="..\..\CPPScripts\PhysZ\Force\FGGravity.cpp">
      <Filter>PhysZ\Force</Filter>
    </ClCompile>
    <ClCompile Include="..\..\CPPScripts\PhysZ\Force\FGSpring.cpp">
      <Filter>PhysZ\Force</Filter>
    </ClCompile>
    <ClCompile Include="..\..\CPPScripts\External\Lua\lapi.c">
      <Filter>External\Lua</Filter>
    </ClCompile>
    <ClCompile Include="..\..\CPPScripts\External\Lua\lauxlib.c">
      <Filter>External\Lua</Filter>
    </ClCompile>
    <ClCompile Include="..\..\CPPScripts\External\Lua\lbaselib.c">
      <Filter>External\Lua</Filter>
    </ClCompile>
    <ClCompile Include="..\..\CPPScripts\External\Lua\lcode.c">
      <Filter>External\Lua</Filter>
    </ClCompile>
    <ClCompile Include="..\..\CPPScripts\External\Lua\lcorolib.c">
      <Filter>External\Lua</Filter>
    </ClCompile>
    <ClCompile Include="..\..\CPPScripts\External\Lua\lctype.c">
      <Filter>External\Lua</Filter>
    </ClCompile>
    <ClCompile Include="..\..\CPPScripts\External\Lua\ldblib.c">
      <Filter>External\Lua</Filter>
    </ClCompile>
    <ClCompile Include="..\..\CPPScripts\External\Lua\ldebug.c">
      <Filter>External\Lua</Filter>
    </ClCompile>
    <ClCompile Include="..\..\CPPScripts\External\Lua\ldo.c">
      <Filter>External\Lua</Filter>
    </ClCompile>
    <ClCompile Include="..\..\CPPScripts\External\Lua\ldump.c">
      <Filter>External\Lua</Filter>
    </ClCompile>
    <ClCompile Include="..\..\CPPScripts\External\Lua\lfunc.c">
      <Filter>External\Lua</Filter>
    </ClCompile>
    <ClCompile Include="..\..\CPPScripts\External\Lua\lgc.c">
      <Filter>External\Lua</Filter>
    </ClCompile>
    <ClCompile Include="..\..\CPPScripts\External\Lua\linit.c">
      <Filter>External\Lua</Filter>
    </ClCompile>
    <ClCompile Include="..\..\CPPScripts\External\Lua\liolib.c">
      <Filter>External\Lua</Filter>
    </ClCompile>
    <ClCompile Include="..\..\CPPScripts\External\Lua\llex.c">
      <Filter>External\Lua</Filter>
    </ClCompile>
    <ClCompile Include="..\..\CPPScripts\External\Lua\lmathlib.c">
      <Filter>External\Lua</Filter>
    </ClCompile>
    <ClCompile Include="..\..\CPPScripts\External\Lua\lmem.c">
      <Filter>External\Lua</Filter>
    </ClCompile>
    <ClCompile Include="..\..\CPPScripts\External\Lua\loadlib.c">
      <Filter>External\Lua</Filter>
    </ClCompile>
    <ClCompile Include="..\..\CPPScripts\External\Lua\lobject.c">
      <Filter>External\Lua</Filter>
    </ClCompile>
    <ClCompile Include="..\..\CPPScripts\External\Lua\lopcodes.c">
      <Filter>External\Lua</Filter>
    </ClCompile>
    <ClCompile Include="..\..\CPPScripts\External\Lua\loslib.c">
      <Filter>External\Lua</Filter>
    </ClCompile>
    <ClCompile Include="..\..\CPPScripts\External\Lua\lparser.c">
      <Filter>External\Lua</Filter>
    </ClCompile>
    <ClCompile Include="..\..\CPPScripts\External\Lua\lstate.c">
      <Filter>External\Lua</Filter>
    </ClCompile>
    <ClCompile Include="..\..\CPPScripts\External\Lua\lstring.c">
      <Filter>External\Lua</Filter>
    </ClCompile>
    <ClCompile Include="..\..\CPPScripts\External\Lua\lstrlib.c">
      <Filter>External\Lua</Filter>
    </ClCompile>
    <ClCompile Include="..\..\CPPScripts\External\Lua\ltable.c">
      <Filter>External\Lua</Filter>
    </ClCompile>
    <ClCompile Include="..\..\CPPScripts\External\Lua\ltablib.c">
      <Filter>External\Lua</Filter>
    </ClCompile>
    <ClCompile Include="..\..\CPPScripts\External\Lua\ltm.c">
      <Filter>External\Lua</Filter>
    </ClCompile>
    <ClCompile Include="..\..\CPPScripts\External\Lua\lua.c">
      <Filter>External\Lua</Filter>
    </ClCompile>
    <ClCompile Include="..\..\CPPScripts\External\Lua\luac.c">
      <Filter>External\Lua</Filter>
    </ClCompile>
    <ClCompile Include="..\..\CPPScripts\External\Lua\lundump.c">
      <Filter>External\Lua</Filter>
    </ClCompile>
    <ClCompile Include="..\..\CPPScripts\External\Lua\lutf8lib.c">
      <Filter>External\Lua</Filter>
    </ClCompile>
    <ClCompile Include="..\..\CPPScripts\External\Lua\lvm.c">
      <Filter>External\Lua</Filter>
    </ClCompile>
    <ClCompile Include="..\..\CPPScripts\External\Lua\lzio.c">
      <Filter>External\Lua</Filter>
    </ClCompile>
    <ClCompile Include="..\..\CPPScripts\External\ImGui\imgui.cpp">
      <Filter>External\ImGui</Filter>
    </ClCompile>
    <ClCompile Include="..\..\CPPScripts\External\ImGui\imgui_draw.cpp">
      <Filter>External\ImGui</Filter>
    </ClCompile>
    <ClCompile Include="..\..\CPPScripts\External\ImGui\imgui_impl_dx12.cpp">
      <Filter>External\ImGui</Filter>
    </ClCompile>
    <ClCompile Include="..\..\CPPScripts\External\ImGui\imgui_impl_glfw.cpp">
      <Filter>External\ImGui</Filter>
    </ClCompile>
    <ClCompile Include="..\..\CPPScripts\External\ImGui\imgui_impl_opengl3.cpp">
      <Filter>External\ImGui</Filter>
    </ClCompile>
    <ClCompile Include="..\..\CPPScripts\External\ImGui\imgui_impl_vulkan.cpp">
      <Filter>External\ImGui</Filter>
    </ClCompile>
    <ClCompile Include="..\..\CPPScripts\External\ImGui\imgui_impl_win32.cpp">
      <Filter>External\ImGui</Filter>
    </ClCompile>
    <ClCompile Include="..\..\CPPScripts\External\ImGui\imgui_tables.cpp">
      <Filter>External\ImGui</Filter>
    </ClCompile>
    <ClCompile Include="..\..\CPPScripts\External\ImGui\imgui_widgets.cpp">
      <Filter>External\ImGui</Filter>
    </ClCompile>
    <ClCompile Include="..\..\CPPScripts\Component\Component.cpp">
      <Filter>Component</Filter>
    </ClCompile>
    <ClCompile Include="..\..\CPPScripts\Component\GameLogic.cpp">
      <Filter>Component</Filter>
    </ClCompile>
    <ClCompile Include="..\..\CPPScripts\Component\Light.cpp">
      <Filter>Component</Filter>
    </ClCompile>
    <ClCompile Include="..\..\CPPScripts\Component\MeshRenderer.cpp">
      <Filter>Component</Filter>
    </ClCompile>
    <ClCompile Include="..\..\CPPScripts\Component\ParticleSystem.cpp">
      <Filter>Component</Filter>
    </ClCompile>
    <ClCompile Include="..\..\CPPScripts\Component\Transform.cpp">
      <Filter>Component</Filter>
    </ClCompile>
    <ClCompile Include="..\..\CPPScripts\Component\UITextRenderer.cpp">
      <Filter>Component</Filter>
    </ClCompile>
    <ClCompile Include="..\..\CPPScripts\Component\UITextureRenderer.cpp">
      <Filter>Component</Filter>
    </ClCompile>
    <ClCompile Include="..\..\CPPScripts\Component\ZCamera.cpp">
      <Filter>Component</Filter>
    </ClCompile>
    <ClCompile Include="..\..\CPPScripts\PhysZ\BoundingVolume\BoundingSphere.cpp">
      <Filter>PhysZ\BoundingVolume</Filter>
    </ClCompile>
    <ClCompile Include="..\..\CPPScripts\PhysZ\Contact.cpp">
      <Filter>PhysZ</Filter>
    </ClCompile>
    <ClCompile Include="..\..\CPPScripts\PhysZ\CollisionData.cpp">
      <Filter>PhysZ</Filter>
    </ClCompile>
    <ClCompile Include="..\..\CPPScripts\PhysZ\CollisionPrimitive.cpp">
      <Filter>PhysZ</Filter>
    </ClCompile>
    <ClCompile Include="..\..\CPPScripts\PhysZ\CollisionDetector.cpp">
      <Filter>PhysZ</Filter>
    </ClCompile>
    <ClCompile Include="..\..\CPPScripts\PhysZ\IntersectionDetector.cpp">
      <Filter>PhysZ</Filter>
    </ClCompile>
    <ClCompile Include="..\..\CPPScripts\PhysZ\ContactResolver.cpp">
      <Filter>PhysZ</Filter>
    </ClCompile>
    <ClCompile Include="..\..\CPPScripts\Component\Collider.cpp">
      <Filter>Component</Filter>
    </ClCompile>
    <ClCompile Include="..\..\CPPScripts\Component\BoxCollider.cpp">
      <Filter>Component</Filter>
    </ClCompile>
    <ClCompile Include="..\..\CPPScripts\Component\PlaneCollider.cpp">
      <Filter>Component</Filter>
    </ClCompile>
    <ClCompile Include="..\..\CPPScripts\Component\SphereCollider.cpp">
      <Filter>Component</Filter>
    </ClCompile>
    <ClCompile Include="..\..\CPPScripts\Component\ZRigidBody.cpp">
      <Filter>Component</Filter>
    </ClCompile>
    <ClCompile Include="..\..\CPPScripts\PhysZ\BVHNode.cpp">
      <Filter>PhysZ</Filter>
    </ClCompile>
    <ClCompile Include="..\..\CPPScripts\ModelUtil.cpp">
      <Filter>源文件</Filter>
    </ClCompile>
  </ItemGroup>
  <ItemGroup>
    <ClInclude Include="..\..\CPPScripts\GameObject.h">
      <Filter>头文件</Filter>
    </ClInclude>
    <ClInclude Include="..\..\CPPScripts\SceneManager.h">
      <Filter>头文件</Filter>
    </ClInclude>
    <ClInclude Include="..\..\CPPScripts\Scene.h">
      <Filter>头文件</Filter>
    </ClInclude>
    <ClInclude Include="..\..\CPPScripts\pubh.h">
      <Filter>头文件</Filter>
    </ClInclude>
    <ClInclude Include="..\..\CPPScripts\Game.h">
      <Filter>头文件</Filter>
    </ClInclude>
    <ClInclude Include="..\..\CPPScripts\Debug.h">
      <Filter>头文件</Filter>
    </ClInclude>
    <ClInclude Include="..\..\CPPScripts\StaticMesh.h">
      <Filter>头文件</Filter>
    </ClInclude>
    <ClInclude Include="..\..\CPPScripts\RenderEngine.h">
      <Filter>头文件</Filter>
    </ClInclude>
    <ClInclude Include="..\..\CPPScripts\Texture.h">
      <Filter>头文件</Filter>
    </ClInclude>
    <ClInclude Include="..\..\CPPScripts\ZShader.h">
      <Filter>头文件</Filter>
    </ClInclude>
    <ClInclude Include="..\..\CPPScripts\Material.h">
      <Filter>头文件</Filter>
    </ClInclude>
    <ClInclude Include="..\..\CPPScripts\RenderAPI.h">
      <Filter>头文件</Filter>
    </ClInclude>
    <ClInclude Include="..\..\CPPScripts\RenderAPIOpenGL.h">
      <Filter>头文件</Filter>
    </ClInclude>
    <ClInclude Include="..\..\CPPScripts\RenderQueue.h">
      <Filter>头文件</Filter>
    </ClInclude>
    <ClInclude Include="..\..\CPPScripts\RenderQueueManager.h">
      <Filter>头文件</Filter>
    </ClInclude>
    <ClInclude Include="..\..\CPPScripts\PublicEnum.h">
      <Filter>头文件</Filter>
    </ClInclude>
    <ClInclude Include="..\..\CPPScripts\Resources.h">
      <Filter>头文件</Filter>
    </ClInclude>
    <ClInclude Include="..\..\CPPScripts\EventManager.h">
      <Filter>头文件</Filter>
    </ClInclude>
    <ClInclude Include="..\..\CPPScripts\Utils.h">
      <Filter>头文件</Filter>
    </ClInclude>
    <ClInclude Include="..\..\CPPScripts\Time.h">
      <Filter>头文件</Filter>
    </ClInclude>
    <ClInclude Include="..\..\CPPScripts\PublicStruct.h">
      <Filter>头文件</Filter>
    </ClInclude>
    <ClInclude Include="..\..\CPPScripts\Math.h">
      <Filter>头文件</Filter>
    </ClInclude>
    <ClInclude Include="..\..\CPPScripts\CubeMap.h">
      <Filter>头文件</Filter>
    </ClInclude>
    <ClInclude Include="..\..\CPPScripts\RenderPass.h">
      <Filter>头文件</Filter>
    </ClInclude>
    <ClInclude Include="..\..\CPPScripts\RenderPassForwardRendering.h">
      <Filter>头文件</Filter>
    </ClInclude>
    <ClInclude Include="..\..\CPPScripts\RenderPassManager.h">
      <Filter>头文件</Filter>
    </ClInclude>
    <ClInclude Include="..\..\CPPScripts\RenderPassRayTracing.h">
      <Filter>头文件</Filter>
    </ClInclude>
    <ClInclude Include="..\..\CPPScripts\RenderPassShadowGeneration.h">
      <Filter>头文件</Filter>
    </ClInclude>
    <ClInclude Include="..\..\CPPScripts\LuaWrap\Lua_Debug.h">
      <Filter>LuaWrap</Filter>
    </ClInclude>
    <ClInclude Include="..\..\CPPScripts\LuaWrap\LuaWrap.h">
      <Filter>LuaWrap</Filter>
    </ClInclude>
    <ClInclude Include="..\..\CPPScripts\LuaManager.h">
      <Filter>头文件</Filter>
    </ClInclude>
    <ClInclude Include="..\..\CPPScripts\LuaWrap\Lua_Resources.h">
      <Filter>LuaWrap</Filter>
    </ClInclude>
    <ClInclude Include="..\..\CPPScripts\GameLogicManager.h">
      <Filter>头文件</Filter>
    </ClInclude>
    <ClInclude Include="..\..\CPPScripts\LuaWrap\Lua_Transform.h">
      <Filter>LuaWrap</Filter>
    </ClInclude>
    <ClInclude Include="..\..\CPPScripts\LuaWrap\Lua_Time.h">
      <Filter>LuaWrap</Filter>
    </ClInclude>
    <ClInclude Include="..\..\CPPScripts\FBOManager.h">
      <Filter>头文件</Filter>
    </ClInclude>
    <ClInclude Include="..\..\CPPScripts\FrameBufferObject.h">
      <Filter>头文件</Filter>
    </ClInclude>
    <ClInclude Include="..\..\CPPScripts\GlobalData.h">
      <Filter>头文件</Filter>
    </ClInclude>
    <ClInclude Include="..\..\CPPScripts\RenderPassAfterEffectRendering.h">
      <Filter>头文件</Filter>
    </ClInclude>
    <ClInclude Include="..\..\CPPScripts\RenderPassUIRendering.h">
      <Filter>头文件</Filter>
    </ClInclude>
    <ClInclude Include="..\..\CPPScripts\TextCharactersManager.h">
      <Filter>头文件</Filter>
    </ClInclude>
    <ClInclude Include="..\..\CPPScripts\DynamicMesh.h">
      <Filter>头文件</Filter>
    </ClInclude>
    <ClInclude Include="..\..\CPPScripts\LuaWrap\Lua_GameObject.h">
      <Filter>LuaWrap</Filter>
    </ClInclude>
    <ClInclude Include="..\..\CPPScripts\LuaWrap\Lua_UITextRenderer.h">
      <Filter>LuaWrap</Filter>
    </ClInclude>
    <ClInclude Include="..\..\CPPScripts\ParticleSystemManager.h">
      <Filter>头文件</Filter>
    </ClInclude>
    <ClInclude Include="..\..\CPPScripts\Math\Vector2.h">
      <Filter>Math</Filter>
    </ClInclude>
    <ClInclude Include="..\..\CPPScripts\Math\Vector3.h">
      <Filter>Math</Filter>
    </ClInclude>
    <ClInclude Include="..\..\CPPScripts\Math\Vector4.h">
      <Filter>Math</Filter>
    </ClInclude>
    <ClInclude Include="..\..\CPPScripts\Math\Matrix3.h">
      <Filter>Math</Filter>
    </ClInclude>
    <ClInclude Include="..\..\CPPScripts\Math\Matrix4.h">
      <Filter>Math</Filter>
    </ClInclude>
    <ClInclude Include="..\..\CPPScripts\Math\Quaternion.h">
      <Filter>Math</Filter>
    </ClInclude>
    <ClInclude Include="..\..\CPPScripts\ProjectSetting.h">
      <Filter>头文件</Filter>
    </ClInclude>
    <ClInclude Include="..\..\CPPScripts\LuaWrap\Lua_InputManager.h">
      <Filter>LuaWrap</Filter>
    </ClInclude>
    <ClInclude Include="..\..\CPPScripts\Editor\EditorGUIManager.h">
      <Filter>Editor</Filter>
    </ClInclude>
    <ClInclude Include="..\..\CPPScripts\Editor\EditorPanel.h">
      <Filter>Editor</Filter>
    </ClInclude>
    <ClInclude Include="..\..\CPPScripts\Editor\EditorHierarchyPanel.h">
      <Filter>Editor</Filter>
    </ClInclude>
    <ClInclude Include="..\..\CPPScripts\Editor\EditorProjectPanel.h">
      <Filter>Editor</Filter>
    </ClInclude>
    <ClInclude Include="..\..\CPPScripts\Editor\EditorInspectorPanel.h">
      <Filter>Editor</Filter>
    </ClInclude>
    <ClInclude Include="..\..\CPPScripts\Editor\EditorMainBarPanel.h">
      <Filter>Editor</Filter>
    </ClInclude>
    <ClInclude Include="..\..\CPPScripts\Editor\EditorDataManager.h">
      <Filter>Editor</Filter>
    </ClInclude>
    <ClInclude Include="..\..\CPPScripts\Editor\EditorAssetPreviewer.h">
      <Filter>Editor</Filter>
    </ClInclude>
    <ClInclude Include="..\..\CPPScripts\Editor\EditorEnumStruct.h">
      <Filter>Editor</Filter>
    </ClInclude>
    <ClInclude Include="..\..\CPPScripts\Editor\EditorInputManager.h">
      <Filter>Editor</Filter>
    </ClInclude>
    <ClInclude Include="..\..\CPPScripts\Editor\EditorConsolePanel.h">
      <Filter>Editor</Filter>
    </ClInclude>
    <ClInclude Include="..\..\CPPScripts\RenderStateSetting.h">
      <Filter>头文件</Filter>
    </ClInclude>
    <ClInclude Include="..\..\CPPScripts\ZMesh.h">
      <Filter>头文件</Filter>
    </ClInclude>
    <ClInclude Include="..\..\CPPScripts\RenderAPIVulkan.h">
      <Filter>头文件</Filter>
    </ClInclude>
    <ClInclude Include="..\..\CPPScripts\Vulkan\SPIRVCompiler.h">
      <Filter>Vulkan</Filter>
    </ClInclude>
    <ClInclude Include="..\..\CPPScripts\ShaderParser.h">
      <Filter>头文件</Filter>
    </ClInclude>
    <ClInclude Include="..\..\CPPScripts\RenderEngineProperties.h">
      <Filter>头文件</Filter>
    </ClInclude>
    <ClInclude Include="..\..\CPPScripts\OpenGLEnumStruct.h">
      <Filter>头文件</Filter>
    </ClInclude>
    <ClInclude Include="..\..\CPPScripts\Vulkan\VulkanEnumStruct.h">
      <Filter>Vulkan</Filter>
    </ClInclude>
    <ClInclude Include="..\..\CPPScripts\MaterialData.h">
      <Filter>头文件</Filter>
    </ClInclude>
    <ClInclude Include="..\..\CPPScripts\Editor\ImGuiTextureManager.h">
      <Filter>Editor</Filter>
    </ClInclude>
    <ClInclude Include="..\..\CPPScripts\Editor\ImGuiTextureManagerOpenGL.h">
      <Filter>Editor</Filter>
    </ClInclude>
    <ClInclude Include="..\..\CPPScripts\Editor\ImGuiTextureManagerVulkan.h">
      <Filter>Editor</Filter>
    </ClInclude>
    <ClInclude Include="..\..\CPPScripts\RenderAPID3D12.h">
      <Filter>头文件</Filter>
    </ClInclude>
    <ClInclude Include="..\..\CPPScripts\Window\WindowManager.h">
      <Filter>Window</Filter>
    </ClInclude>
    <ClInclude Include="..\..\CPPScripts\Window\WindowManagerGLFW.h">
      <Filter>Window</Filter>
    </ClInclude>
    <ClInclude Include="..\..\CPPScripts\Window\WindowManagerWindows.h">
      <Filter>Window</Filter>
    </ClInclude>
    <ClInclude Include="..\..\CPPScripts\Input\InputManager.h">
      <Filter>Input</Filter>
    </ClInclude>
    <ClInclude Include="..\..\CPPScripts\Input\InputManagerGLFW.h">
      <Filter>Input</Filter>
    </ClInclude>
    <ClInclude Include="..\..\CPPScripts\Input\InputManagerWindows.h">
      <Filter>Input</Filter>
    </ClInclude>
    <ClInclude Include="..\..\CPPScripts\DirectX12\ZXD3D12DescriptorManager.h">
      <Filter>DirectX12</Filter>
    </ClInclude>
    <ClInclude Include="..\..\CPPScripts\DirectX12\ZXD3D12DescriptorAllocator.h">
      <Filter>DirectX12</Filter>
    </ClInclude>
    <ClInclude Include="..\..\CPPScripts\DirectX12\D3D12EnumStruct.h">
      <Filter>DirectX12</Filter>
    </ClInclude>
    <ClInclude Include="..\..\CPPScripts\DirectX12\ZXD3D12Util.h">
      <Filter>DirectX12</Filter>
    </ClInclude>
    <ClInclude Include="..\..\CPPScripts\Editor\EditorGUIManagerOpenGL.h">
      <Filter>Editor</Filter>
    </ClInclude>
    <ClInclude Include="..\..\CPPScripts\Editor\EditorGUIManagerVulkan.h">
      <Filter>Editor</Filter>
    </ClInclude>
    <ClInclude Include="..\..\CPPScripts\Editor\EditorGUIManagerDirectX12.h">
      <Filter>Editor</Filter>
    </ClInclude>
    <ClInclude Include="..\..\CPPScripts\Editor\ImGuiTextureManagerD3D12.h">
      <Filter>Editor</Filter>
    </ClInclude>
    <ClInclude Include="..\..\CPPScripts\Concurrent\LockFreeQueue.h">
      <Filter>Concurrent</Filter>
    </ClInclude>
    <ClInclude Include="..\..\CPPScripts\Concurrent\Queue.h">
      <Filter>Concurrent</Filter>
    </ClInclude>
    <ClInclude Include="..\..\CPPScripts\PhysZ\PointMass.h">
      <Filter>PhysZ</Filter>
    </ClInclude>
    <ClInclude Include="..\..\CPPScripts\PhysZ\RigidBody.h">
      <Filter>PhysZ</Filter>
    </ClInclude>
    <ClInclude Include="..\..\CPPScripts\PhysZ\PScene.h">
      <Filter>PhysZ</Filter>
    </ClInclude>
    <ClInclude Include="..\..\CPPScripts\PhysZ\Force\FGGravity.h">
      <Filter>PhysZ\Force</Filter>
    </ClInclude>
    <ClInclude Include="..\..\CPPScripts\PhysZ\Force\FGSpring.h">
      <Filter>PhysZ\Force</Filter>
    </ClInclude>
    <ClInclude Include="..\..\CPPScripts\PhysZ\Force\ForceGenerator.h">
      <Filter>PhysZ\Force</Filter>
    </ClInclude>
    <ClInclude Include="..\..\CPPScripts\External\Lua\lapi.h">
      <Filter>External\Lua</Filter>
    </ClInclude>
    <ClInclude Include="..\..\CPPScripts\External\Lua\lauxlib.h">
      <Filter>External\Lua</Filter>
    </ClInclude>
    <ClInclude Include="..\..\CPPScripts\External\Lua\lcode.h">
      <Filter>External\Lua</Filter>
    </ClInclude>
    <ClInclude Include="..\..\CPPScripts\External\Lua\lctype.h">
      <Filter>External\Lua</Filter>
    </ClInclude>
    <ClInclude Include="..\..\CPPScripts\External\Lua\ldebug.h">
      <Filter>External\Lua</Filter>
    </ClInclude>
    <ClInclude Include="..\..\CPPScripts\External\Lua\ldo.h">
      <Filter>External\Lua</Filter>
    </ClInclude>
    <ClInclude Include="..\..\CPPScripts\External\Lua\lfunc.h">
      <Filter>External\Lua</Filter>
    </ClInclude>
    <ClInclude Include="..\..\CPPScripts\External\Lua\lgc.h">
      <Filter>External\Lua</Filter>
    </ClInclude>
    <ClInclude Include="..\..\CPPScripts\External\Lua\ljumptab.h">
      <Filter>External\Lua</Filter>
    </ClInclude>
    <ClInclude Include="..\..\CPPScripts\External\Lua\llex.h">
      <Filter>External\Lua</Filter>
    </ClInclude>
    <ClInclude Include="..\..\CPPScripts\External\Lua\llimits.h">
      <Filter>External\Lua</Filter>
    </ClInclude>
    <ClInclude Include="..\..\CPPScripts\External\Lua\lmem.h">
      <Filter>External\Lua</Filter>
    </ClInclude>
    <ClInclude Include="..\..\CPPScripts\External\Lua\lobject.h">
      <Filter>External\Lua</Filter>
    </ClInclude>
    <ClInclude Include="..\..\CPPScripts\External\Lua\lopcodes.h">
      <Filter>External\Lua</Filter>
    </ClInclude>
    <ClInclude Include="..\..\CPPScripts\External\Lua\lopnames.h">
      <Filter>External\Lua</Filter>
    </ClInclude>
    <ClInclude Include="..\..\CPPScripts\External\Lua\lparser.h">
      <Filter>External\Lua</Filter>
    </ClInclude>
    <ClInclude Include="..\..\CPPScripts\External\Lua\lprefix.h">
      <Filter>External\Lua</Filter>
    </ClInclude>
    <ClInclude Include="..\..\CPPScripts\External\Lua\lstate.h">
      <Filter>External\Lua</Filter>
    </ClInclude>
    <ClInclude Include="..\..\CPPScripts\External\Lua\lstring.h">
      <Filter>External\Lua</Filter>
    </ClInclude>
    <ClInclude Include="..\..\CPPScripts\External\Lua\ltable.h">
      <Filter>External\Lua</Filter>
    </ClInclude>
    <ClInclude Include="..\..\CPPScripts\External\Lua\ltm.h">
      <Filter>External\Lua</Filter>
    </ClInclude>
    <ClInclude Include="..\..\CPPScripts\External\Lua\lua.h">
      <Filter>External\Lua</Filter>
    </ClInclude>
    <ClInclude Include="..\..\CPPScripts\External\Lua\lua.hpp">
      <Filter>External\Lua</Filter>
    </ClInclude>
    <ClInclude Include="..\..\CPPScripts\External\Lua\luaconf.h">
      <Filter>External\Lua</Filter>
    </ClInclude>
    <ClInclude Include="..\..\CPPScripts\External\Lua\lualib.h">
      <Filter>External\Lua</Filter>
    </ClInclude>
    <ClInclude Include="..\..\CPPScripts\External\Lua\lundump.h">
      <Filter>External\Lua</Filter>
    </ClInclude>
    <ClInclude Include="..\..\CPPScripts\External\Lua\lvm.h">
      <Filter>External\Lua</Filter>
    </ClInclude>
    <ClInclude Include="..\..\CPPScripts\External\Lua\lzio.h">
      <Filter>External\Lua</Filter>
    </ClInclude>
    <ClInclude Include="..\..\CPPScripts\External\ImGui\imconfig.h">
      <Filter>External\ImGui</Filter>
    </ClInclude>
    <ClInclude Include="..\..\CPPScripts\External\ImGui\imgui.h">
      <Filter>External\ImGui</Filter>
    </ClInclude>
    <ClInclude Include="..\..\CPPScripts\External\ImGui\imgui_impl_dx12.h">
      <Filter>External\ImGui</Filter>
    </ClInclude>
    <ClInclude Include="..\..\CPPScripts\External\ImGui\imgui_impl_glfw.h">
      <Filter>External\ImGui</Filter>
    </ClInclude>
    <ClInclude Include="..\..\CPPScripts\External\ImGui\imgui_impl_opengl3.h">
      <Filter>External\ImGui</Filter>
    </ClInclude>
    <ClInclude Include="..\..\CPPScripts\External\ImGui\imgui_impl_opengl3_loader.h">
      <Filter>External\ImGui</Filter>
    </ClInclude>
    <ClInclude Include="..\..\CPPScripts\External\ImGui\imgui_impl_vulkan.h">
      <Filter>External\ImGui</Filter>
    </ClInclude>
    <ClInclude Include="..\..\CPPScripts\External\ImGui\imgui_impl_win32.h">
      <Filter>External\ImGui</Filter>
    </ClInclude>
    <ClInclude Include="..\..\CPPScripts\External\ImGui\imgui_internal.h">
      <Filter>External\ImGui</Filter>
    </ClInclude>
    <ClInclude Include="..\..\CPPScripts\External\ImGui\imstb_rectpack.h">
      <Filter>External\ImGui</Filter>
    </ClInclude>
    <ClInclude Include="..\..\CPPScripts\External\ImGui\imstb_textedit.h">
      <Filter>External\ImGui</Filter>
    </ClInclude>
    <ClInclude Include="..\..\CPPScripts\External\ImGui\imstb_truetype.h">
      <Filter>External\ImGui</Filter>
    </ClInclude>
    <ClInclude Include="..\..\CPPScripts\Component\Component.h">
      <Filter>Component</Filter>
    </ClInclude>
    <ClInclude Include="..\..\CPPScripts\Component\GameLogic.h">
      <Filter>Component</Filter>
    </ClInclude>
    <ClInclude Include="..\..\CPPScripts\Component\Light.h">
      <Filter>Component</Filter>
    </ClInclude>
    <ClInclude Include="..\..\CPPScripts\Component\MeshRenderer.h">
      <Filter>Component</Filter>
    </ClInclude>
    <ClInclude Include="..\..\CPPScripts\Component\ParticleSystem.h">
      <Filter>Component</Filter>
    </ClInclude>
    <ClInclude Include="..\..\CPPScripts\Component\Transform.h">
      <Filter>Component</Filter>
    </ClInclude>
    <ClInclude Include="..\..\CPPScripts\Component\UITextRenderer.h">
      <Filter>Component</Filter>
    </ClInclude>
    <ClInclude Include="..\..\CPPScripts\Component\UITextureRenderer.h">
      <Filter>Component</Filter>
    </ClInclude>
    <ClInclude Include="..\..\CPPScripts\Component\ZCamera.h">
      <Filter>Component</Filter>
    </ClInclude>
    <ClInclude Include="..\..\CPPScripts\PhysZ\BoundingVolume\BoundingSphere.h">
      <Filter>PhysZ\BoundingVolume</Filter>
    </ClInclude>
    <ClInclude Include="..\..\CPPScripts\PhysZ\PhysZEnumStruct.h">
      <Filter>PhysZ</Filter>
    </ClInclude>
    <ClInclude Include="..\..\CPPScripts\PhysZ\BVHNode.h">
      <Filter>PhysZ</Filter>
    </ClInclude>
    <ClInclude Include="..\..\CPPScripts\PhysZ\Contact.h">
      <Filter>PhysZ</Filter>
    </ClInclude>
    <ClInclude Include="..\..\CPPScripts\PhysZ\CollisionData.h">
      <Filter>PhysZ</Filter>
    </ClInclude>
    <ClInclude Include="..\..\CPPScripts\PhysZ\CollisionPrimitive.h">
      <Filter>PhysZ</Filter>
    </ClInclude>
    <ClInclude Include="..\..\CPPScripts\PhysZ\CollisionDetector.h">
      <Filter>PhysZ</Filter>
    </ClInclude>
    <ClInclude Include="..\..\CPPScripts\PhysZ\IntersectionDetector.h">
      <Filter>PhysZ</Filter>
    </ClInclude>
    <ClInclude Include="..\..\CPPScripts\PhysZ\ContactResolver.h">
      <Filter>PhysZ</Filter>
    </ClInclude>
    <ClInclude Include="..\..\CPPScripts\PhysZ\PhysZ.h">
      <Filter>PhysZ</Filter>
    </ClInclude>
    <ClInclude Include="..\..\CPPScripts\Component\Collider.h">
      <Filter>Component</Filter>
    </ClInclude>
    <ClInclude Include="..\..\CPPScripts\Component\BoxCollider.h">
      <Filter>Component</Filter>
    </ClInclude>
    <ClInclude Include="..\..\CPPScripts\Component\PlaneCollider.h">
      <Filter>Component</Filter>
    </ClInclude>
    <ClInclude Include="..\..\CPPScripts\Component\SphereCollider.h">
      <Filter>Component</Filter>
    </ClInclude>
    <ClInclude Include="..\..\CPPScripts\Component\ZRigidBody.h">
      <Filter>Component</Filter>
    </ClInclude>
    <ClInclude Include="..\..\CPPScripts\ModelUtil.h">
      <Filter>头文件</Filter>
    </ClInclude>
  </ItemGroup>
</Project>