<?xml version="1.0" encoding="utf-8"?>
<Project ToolsVersion="4.0" xmlns="http://schemas.microsoft.com/developer/msbuild/2003">
  <ItemGroup>
    <Filter Include="源文件">
      <UniqueIdentifier>{4FC737F1-C7A5-4376-A066-2A32D752A2FF}</UniqueIdentifier>
      <Extensions>cpp;c;cc;cxx;c++;cppm;ixx;def;odl;idl;hpj;bat;asm;asmx</Extensions>
    </Filter>
    <Filter Include="头文件">
      <UniqueIdentifier>{93995380-89BD-4b04-88EB-625FBE52EBFB}</UniqueIdentifier>
      <Extensions>h;hh;hpp;hxx;h++;hm;inl;inc;ipp;xsd</Extensions>
    </Filter>
    <Filter Include="资源文件">
      <UniqueIdentifier>{67DA6AB6-F800-4c08-8B7A-83BB121AAD01}</UniqueIdentifier>
      <Extensions>rc;ico;cur;bmp;dlg;rc2;rct;bin;rgs;gif;jpg;jpeg;jpe;resx;tiff;tif;png;wav;mfcribbon-ms</Extensions>
    </Filter>
    <Filter Include="Lua">
      <UniqueIdentifier>{c99d4948-e521-4c21-b3dc-0c440d6f6597}</UniqueIdentifier>
    </Filter>
    <Filter Include="LuaWrap">
      <UniqueIdentifier>{a25bc57f-220b-45ed-bb74-8024bd2867be}</UniqueIdentifier>
    </Filter>
    <Filter Include="Math">
      <UniqueIdentifier>{e40c68b2-581c-4347-826f-71eca3cca993}</UniqueIdentifier>
    </Filter>
    <Filter Include="ImGui">
      <UniqueIdentifier>{0ad4c03f-e08b-4115-9ee4-25e2aa4bd1cc}</UniqueIdentifier>
    </Filter>
    <Filter Include="Editor">
      <UniqueIdentifier>{925d5f95-bb96-4598-81bd-91393859b792}</UniqueIdentifier>
    </Filter>
  </ItemGroup>
  <ItemGroup>
    <ClCompile Include="..\..\Vendor\Src\glad.c">
      <Filter>源文件</Filter>
    </ClCompile>
    <ClCompile Include="..\..\CPPScripts\Main.cpp">
      <Filter>源文件</Filter>
    </ClCompile>
    <ClCompile Include="..\..\CPPScripts\GameObject.cpp">
      <Filter>源文件</Filter>
    </ClCompile>
    <ClCompile Include="..\..\CPPScripts\Component.cpp">
      <Filter>源文件</Filter>
    </ClCompile>
    <ClCompile Include="..\..\CPPScripts\Scene.cpp">
      <Filter>源文件</Filter>
    </ClCompile>
    <ClCompile Include="..\..\CPPScripts\SceneManager.cpp">
      <Filter>源文件</Filter>
    </ClCompile>
    <ClCompile Include="..\..\CPPScripts\Game.cpp">
      <Filter>源文件</Filter>
    </ClCompile>
    <ClCompile Include="..\..\CPPScripts\Entry.cpp">
      <Filter>源文件</Filter>
    </ClCompile>
    <ClCompile Include="..\..\CPPScripts\ZCamera.cpp">
      <Filter>源文件</Filter>
    </ClCompile>
    <ClCompile Include="..\..\CPPScripts\MeshRenderer.cpp">
      <Filter>源文件</Filter>
    </ClCompile>
    <ClCompile Include="..\..\CPPScripts\ZMesh.cpp">
      <Filter>源文件</Filter>
    </ClCompile>
    <ClCompile Include="..\..\CPPScripts\RenderEngine.cpp">
      <Filter>源文件</Filter>
    </ClCompile>
    <ClCompile Include="..\..\CPPScripts\Texture.cpp">
      <Filter>源文件</Filter>
    </ClCompile>
    <ClCompile Include="..\..\CPPScripts\Material.cpp">
      <Filter>源文件</Filter>
    </ClCompile>
    <ClCompile Include="..\..\CPPScripts\ZShader.cpp">
      <Filter>源文件</Filter>
    </ClCompile>
    <ClCompile Include="..\..\CPPScripts\RenderAPIOpenGL.cpp">
      <Filter>源文件</Filter>
    </ClCompile>
    <ClCompile Include="..\..\CPPScripts\RenderAPI.cpp">
      <Filter>源文件</Filter>
    </ClCompile>
    <ClCompile Include="..\..\CPPScripts\RenderQueue.cpp">
      <Filter>源文件</Filter>
    </ClCompile>
    <ClCompile Include="..\..\CPPScripts\RenderQueueManager.cpp">
      <Filter>源文件</Filter>
    </ClCompile>
    <ClCompile Include="..\..\CPPScripts\Resources.cpp">
      <Filter>源文件</Filter>
    </ClCompile>
    <ClCompile Include="..\..\CPPScripts\InputManager.cpp">
      <Filter>源文件</Filter>
    </ClCompile>
    <ClCompile Include="..\..\CPPScripts\EventManager.cpp">
      <Filter>源文件</Filter>
    </ClCompile>
    <ClCompile Include="..\..\CPPScripts\Utils.cpp">
      <Filter>源文件</Filter>
    </ClCompile>
    <ClCompile Include="..\..\CPPScripts\Time.cpp">
      <Filter>源文件</Filter>
    </ClCompile>
    <ClCompile Include="..\..\CPPScripts\Light.cpp">
      <Filter>源文件</Filter>
    </ClCompile>
    <ClCompile Include="..\..\CPPScripts\Math.cpp">
      <Filter>源文件</Filter>
    </ClCompile>
    <ClCompile Include="..\..\CPPScripts\Transform.cpp">
      <Filter>源文件</Filter>
    </ClCompile>
    <ClCompile Include="..\..\CPPScripts\CubeMap.cpp">
      <Filter>源文件</Filter>
    </ClCompile>
    <ClCompile Include="..\..\CPPScripts\RenderPassForwardRendering.cpp">
      <Filter>源文件</Filter>
    </ClCompile>
    <ClCompile Include="..\..\CPPScripts\RenderPassManager.cpp">
      <Filter>源文件</Filter>
    </ClCompile>
    <ClCompile Include="..\..\CPPScripts\RenderPassShadowGeneration.cpp">
      <Filter>源文件</Filter>
    </ClCompile>
    <ClCompile Include="..\..\CPPScripts\Lua\lapi.c">
      <Filter>Lua</Filter>
    </ClCompile>
    <ClCompile Include="..\..\CPPScripts\Lua\lauxlib.c">
      <Filter>Lua</Filter>
    </ClCompile>
    <ClCompile Include="..\..\CPPScripts\Lua\lbaselib.c">
      <Filter>Lua</Filter>
    </ClCompile>
    <ClCompile Include="..\..\CPPScripts\Lua\lcode.c">
      <Filter>Lua</Filter>
    </ClCompile>
    <ClCompile Include="..\..\CPPScripts\Lua\lcorolib.c">
      <Filter>Lua</Filter>
    </ClCompile>
    <ClCompile Include="..\..\CPPScripts\Lua\lctype.c">
      <Filter>Lua</Filter>
    </ClCompile>
    <ClCompile Include="..\..\CPPScripts\Lua\ldblib.c">
      <Filter>Lua</Filter>
    </ClCompile>
    <ClCompile Include="..\..\CPPScripts\Lua\ldebug.c">
      <Filter>Lua</Filter>
    </ClCompile>
    <ClCompile Include="..\..\CPPScripts\Lua\ldo.c">
      <Filter>Lua</Filter>
    </ClCompile>
    <ClCompile Include="..\..\CPPScripts\Lua\ldump.c">
      <Filter>Lua</Filter>
    </ClCompile>
    <ClCompile Include="..\..\CPPScripts\Lua\lfunc.c">
      <Filter>Lua</Filter>
    </ClCompile>
    <ClCompile Include="..\..\CPPScripts\Lua\lgc.c">
      <Filter>Lua</Filter>
    </ClCompile>
    <ClCompile Include="..\..\CPPScripts\Lua\linit.c">
      <Filter>Lua</Filter>
    </ClCompile>
    <ClCompile Include="..\..\CPPScripts\Lua\liolib.c">
      <Filter>Lua</Filter>
    </ClCompile>
    <ClCompile Include="..\..\CPPScripts\Lua\llex.c">
      <Filter>Lua</Filter>
    </ClCompile>
    <ClCompile Include="..\..\CPPScripts\Lua\lmathlib.c">
      <Filter>Lua</Filter>
    </ClCompile>
    <ClCompile Include="..\..\CPPScripts\Lua\lmem.c">
      <Filter>Lua</Filter>
    </ClCompile>
    <ClCompile Include="..\..\CPPScripts\Lua\loadlib.c">
      <Filter>Lua</Filter>
    </ClCompile>
    <ClCompile Include="..\..\CPPScripts\Lua\lobject.c">
      <Filter>Lua</Filter>
    </ClCompile>
    <ClCompile Include="..\..\CPPScripts\Lua\lopcodes.c">
      <Filter>Lua</Filter>
    </ClCompile>
    <ClCompile Include="..\..\CPPScripts\Lua\loslib.c">
      <Filter>Lua</Filter>
    </ClCompile>
    <ClCompile Include="..\..\CPPScripts\Lua\lparser.c">
      <Filter>Lua</Filter>
    </ClCompile>
    <ClCompile Include="..\..\CPPScripts\Lua\lstate.c">
      <Filter>Lua</Filter>
    </ClCompile>
    <ClCompile Include="..\..\CPPScripts\Lua\lstring.c">
      <Filter>Lua</Filter>
    </ClCompile>
    <ClCompile Include="..\..\CPPScripts\Lua\lstrlib.c">
      <Filter>Lua</Filter>
    </ClCompile>
    <ClCompile Include="..\..\CPPScripts\Lua\ltable.c">
      <Filter>Lua</Filter>
    </ClCompile>
    <ClCompile Include="..\..\CPPScripts\Lua\ltablib.c">
      <Filter>Lua</Filter>
    </ClCompile>
    <ClCompile Include="..\..\CPPScripts\Lua\ltm.c">
      <Filter>Lua</Filter>
    </ClCompile>
    <ClCompile Include="..\..\CPPScripts\Lua\lua.c">
      <Filter>Lua</Filter>
    </ClCompile>
    <ClCompile Include="..\..\CPPScripts\Lua\luac.c">
      <Filter>Lua</Filter>
    </ClCompile>
    <ClCompile Include="..\..\CPPScripts\Lua\lundump.c">
      <Filter>Lua</Filter>
    </ClCompile>
    <ClCompile Include="..\..\CPPScripts\Lua\lutf8lib.c">
      <Filter>Lua</Filter>
    </ClCompile>
    <ClCompile Include="..\..\CPPScripts\Lua\lvm.c">
      <Filter>Lua</Filter>
    </ClCompile>
    <ClCompile Include="..\..\CPPScripts\Lua\lzio.c">
      <Filter>Lua</Filter>
    </ClCompile>
    <ClCompile Include="..\..\CPPScripts\LuaManager.cpp">
      <Filter>源文件</Filter>
    </ClCompile>
    <ClCompile Include="..\..\CPPScripts\GameLogic.cpp">
      <Filter>源文件</Filter>
    </ClCompile>
    <ClCompile Include="..\..\CPPScripts\GameLogicManager.cpp">
      <Filter>源文件</Filter>
    </ClCompile>
    <ClCompile Include="..\..\CPPScripts\Debug.cpp">
      <Filter>源文件</Filter>
    </ClCompile>
    <ClCompile Include="..\..\CPPScripts\FBOManager.cpp">
      <Filter>源文件</Filter>
    </ClCompile>
    <ClCompile Include="..\..\CPPScripts\GlobalData.cpp">
      <Filter>源文件</Filter>
    </ClCompile>
    <ClCompile Include="..\..\CPPScripts\RenderPassAfterEffectRendering.cpp">
      <Filter>源文件</Filter>
    </ClCompile>
    <ClCompile Include="..\..\CPPScripts\RenderPassUIRendering.cpp">
      <Filter>源文件</Filter>
    </ClCompile>
    <ClCompile Include="..\..\CPPScripts\UITextRenderer.cpp">
      <Filter>源文件</Filter>
    </ClCompile>
    <ClCompile Include="..\..\CPPScripts\TextCharactersManager.cpp">
      <Filter>源文件</Filter>
    </ClCompile>
    <ClCompile Include="..\..\CPPScripts\DynamicMesh.cpp">
      <Filter>源文件</Filter>
    </ClCompile>
    <ClCompile Include="..\..\CPPScripts\UITextureRenderer.cpp">
      <Filter>源文件</Filter>
    </ClCompile>
    <ClCompile Include="..\..\CPPScripts\ParticleSystem.cpp">
      <Filter>源文件</Filter>
    </ClCompile>
    <ClCompile Include="..\..\CPPScripts\ParticleSystemManager.cpp">
      <Filter>源文件</Filter>
    </ClCompile>
    <ClCompile Include="..\..\CPPScripts\Math\Vector2.cpp">
      <Filter>Math</Filter>
    </ClCompile>
    <ClCompile Include="..\..\CPPScripts\Math\Vector3.cpp">
      <Filter>Math</Filter>
    </ClCompile>
    <ClCompile Include="..\..\CPPScripts\Math\Vector4.cpp">
      <Filter>Math</Filter>
    </ClCompile>
    <ClCompile Include="..\..\CPPScripts\Math\Matrix3.cpp">
      <Filter>Math</Filter>
    </ClCompile>
    <ClCompile Include="..\..\CPPScripts\Math\Matrix4.cpp">
      <Filter>Math</Filter>
    </ClCompile>
    <ClCompile Include="..\..\CPPScripts\Math\Quaternion.cpp">
      <Filter>Math</Filter>
    </ClCompile>
    <ClCompile Include="..\..\CPPScripts\ProjectSetting.cpp">
      <Filter>源文件</Filter>
    </ClCompile>
    <ClCompile Include="..\..\CPPScripts\ImGui\imgui.cpp">
      <Filter>ImGui</Filter>
    </ClCompile>
    <ClCompile Include="..\..\CPPScripts\ImGui\imgui_draw.cpp">
      <Filter>ImGui</Filter>
    </ClCompile>
    <ClCompile Include="..\..\CPPScripts\ImGui\imgui_impl_glfw.cpp">
      <Filter>ImGui</Filter>
    </ClCompile>
    <ClCompile Include="..\..\CPPScripts\ImGui\imgui_impl_opengl3.cpp">
      <Filter>ImGui</Filter>
    </ClCompile>
    <ClCompile Include="..\..\CPPScripts\ImGui\imgui_tables.cpp">
      <Filter>ImGui</Filter>
    </ClCompile>
    <ClCompile Include="..\..\CPPScripts\ImGui\imgui_widgets.cpp">
      <Filter>ImGui</Filter>
    </ClCompile>
    <ClCompile Include="..\..\CPPScripts\Editor\EditorGUIManager.cpp">
      <Filter>Editor</Filter>
    </ClCompile>
    <ClCompile Include="..\..\CPPScripts\Editor\EditorHierarchyPanel.cpp">
      <Filter>Editor</Filter>
    </ClCompile>
    <ClCompile Include="..\..\CPPScripts\Editor\EditorProjectPanel.cpp">
      <Filter>Editor</Filter>
    </ClCompile>
    <ClCompile Include="..\..\CPPScripts\Editor\EditorInspectorPanel.cpp">
      <Filter>Editor</Filter>
    </ClCompile>
    <ClCompile Include="..\..\CPPScripts\Editor\EditorMainBarPanel.cpp">
      <Filter>Editor</Filter>
    </ClCompile>
    <ClCompile Include="..\..\CPPScripts\Editor\EditorDataManager.cpp">
      <Filter>Editor</Filter>
    </ClCompile>
    <ClCompile Include="..\..\CPPScripts\Editor\EditorAssetPreviewer.cpp">
      <Filter>Editor</Filter>
    </ClCompile>
  </ItemGroup>
  <ItemGroup>
    <ClInclude Include="..\..\CPPScripts\Camera.h">
      <Filter>头文件</Filter>
    </ClInclude>
    <ClInclude Include="..\..\CPPScripts\Mesh.h">
      <Filter>头文件</Filter>
    </ClInclude>
    <ClInclude Include="..\..\CPPScripts\Model.h">
      <Filter>头文件</Filter>
    </ClInclude>
    <ClInclude Include="..\..\CPPScripts\ParticleGenerator.h">
      <Filter>头文件</Filter>
    </ClInclude>
    <ClInclude Include="..\..\CPPScripts\Shader.h">
      <Filter>头文件</Filter>
    </ClInclude>
    <ClInclude Include="..\..\CPPScripts\stb_image.h">
      <Filter>头文件</Filter>
    </ClInclude>
    <ClInclude Include="..\..\CPPScripts\GameObject.h">
      <Filter>头文件</Filter>
    </ClInclude>
    <ClInclude Include="..\..\CPPScripts\Component.h">
      <Filter>头文件</Filter>
    </ClInclude>
    <ClInclude Include="..\..\CPPScripts\Transform.h">
      <Filter>头文件</Filter>
    </ClInclude>
    <ClInclude Include="..\..\CPPScripts\MeshRenderer.h">
      <Filter>头文件</Filter>
    </ClInclude>
    <ClInclude Include="..\..\CPPScripts\SceneManager.h">
      <Filter>头文件</Filter>
    </ClInclude>
    <ClInclude Include="..\..\CPPScripts\Scene.h">
      <Filter>头文件</Filter>
    </ClInclude>
    <ClInclude Include="..\..\CPPScripts\pubh.h">
      <Filter>头文件</Filter>
    </ClInclude>
    <ClInclude Include="..\..\CPPScripts\Game.h">
      <Filter>头文件</Filter>
    </ClInclude>
    <ClInclude Include="..\..\CPPScripts\ZCamera.h">
      <Filter>头文件</Filter>
    </ClInclude>
    <ClInclude Include="..\..\CPPScripts\Debug.h">
      <Filter>头文件</Filter>
    </ClInclude>
    <ClInclude Include="..\..\CPPScripts\ZMesh.h">
      <Filter>头文件</Filter>
    </ClInclude>
    <ClInclude Include="..\..\CPPScripts\RenderEngine.h">
      <Filter>头文件</Filter>
    </ClInclude>
    <ClInclude Include="..\..\CPPScripts\Texture.h">
      <Filter>头文件</Filter>
    </ClInclude>
    <ClInclude Include="..\..\CPPScripts\ZShader.h">
      <Filter>头文件</Filter>
    </ClInclude>
    <ClInclude Include="..\..\CPPScripts\Material.h">
      <Filter>头文件</Filter>
    </ClInclude>
    <ClInclude Include="..\..\CPPScripts\RenderAPI.h">
      <Filter>头文件</Filter>
    </ClInclude>
    <ClInclude Include="..\..\CPPScripts\RenderAPIOpenGL.h">
      <Filter>头文件</Filter>
    </ClInclude>
    <ClInclude Include="..\..\CPPScripts\RenderQueue.h">
      <Filter>头文件</Filter>
    </ClInclude>
    <ClInclude Include="..\..\CPPScripts\RenderQueueManager.h">
      <Filter>头文件</Filter>
    </ClInclude>
    <ClInclude Include="..\..\CPPScripts\PublicEnum.h">
      <Filter>头文件</Filter>
    </ClInclude>
    <ClInclude Include="..\..\CPPScripts\Resources.h">
      <Filter>头文件</Filter>
    </ClInclude>
    <ClInclude Include="..\..\CPPScripts\InputManager.h">
      <Filter>头文件</Filter>
    </ClInclude>
    <ClInclude Include="..\..\CPPScripts\EventManager.h">
      <Filter>头文件</Filter>
    </ClInclude>
    <ClInclude Include="..\..\CPPScripts\Utils.h">
      <Filter>头文件</Filter>
    </ClInclude>
    <ClInclude Include="..\..\CPPScripts\Time.h">
      <Filter>头文件</Filter>
    </ClInclude>
    <ClInclude Include="..\..\CPPScripts\Light.h">
      <Filter>头文件</Filter>
    </ClInclude>
    <ClInclude Include="..\..\CPPScripts\PublicStruct.h">
      <Filter>头文件</Filter>
    </ClInclude>
    <ClInclude Include="..\..\CPPScripts\Math.h">
      <Filter>头文件</Filter>
    </ClInclude>
    <ClInclude Include="..\..\CPPScripts\CubeMap.h">
      <Filter>头文件</Filter>
    </ClInclude>
    <ClInclude Include="..\..\CPPScripts\RenderPass.h">
      <Filter>头文件</Filter>
    </ClInclude>
    <ClInclude Include="..\..\CPPScripts\RenderPassForwardRendering.h">
      <Filter>头文件</Filter>
    </ClInclude>
    <ClInclude Include="..\..\CPPScripts\RenderPassManager.h">
      <Filter>头文件</Filter>
    </ClInclude>
    <ClInclude Include="..\..\CPPScripts\RenderPassShadowGeneration.h">
      <Filter>头文件</Filter>
    </ClInclude>
    <ClInclude Include="..\..\CPPScripts\Lua\lapi.h">
      <Filter>Lua</Filter>
    </ClInclude>
    <ClInclude Include="..\..\CPPScripts\Lua\lauxlib.h">
      <Filter>Lua</Filter>
    </ClInclude>
    <ClInclude Include="..\..\CPPScripts\Lua\lcode.h">
      <Filter>Lua</Filter>
    </ClInclude>
    <ClInclude Include="..\..\CPPScripts\Lua\lctype.h">
      <Filter>Lua</Filter>
    </ClInclude>
    <ClInclude Include="..\..\CPPScripts\Lua\ldebug.h">
      <Filter>Lua</Filter>
    </ClInclude>
    <ClInclude Include="..\..\CPPScripts\Lua\ldo.h">
      <Filter>Lua</Filter>
    </ClInclude>
    <ClInclude Include="..\..\CPPScripts\Lua\lfunc.h">
      <Filter>Lua</Filter>
    </ClInclude>
    <ClInclude Include="..\..\CPPScripts\Lua\lgc.h">
      <Filter>Lua</Filter>
    </ClInclude>
    <ClInclude Include="..\..\CPPScripts\Lua\ljumptab.h">
      <Filter>Lua</Filter>
    </ClInclude>
    <ClInclude Include="..\..\CPPScripts\Lua\llex.h">
      <Filter>Lua</Filter>
    </ClInclude>
    <ClInclude Include="..\..\CPPScripts\Lua\llimits.h">
      <Filter>Lua</Filter>
    </ClInclude>
    <ClInclude Include="..\..\CPPScripts\Lua\lmem.h">
      <Filter>Lua</Filter>
    </ClInclude>
    <ClInclude Include="..\..\CPPScripts\Lua\lobject.h">
      <Filter>Lua</Filter>
    </ClInclude>
    <ClInclude Include="..\..\CPPScripts\Lua\lopcodes.h">
      <Filter>Lua</Filter>
    </ClInclude>
    <ClInclude Include="..\..\CPPScripts\Lua\lopnames.h">
      <Filter>Lua</Filter>
    </ClInclude>
    <ClInclude Include="..\..\CPPScripts\Lua\lparser.h">
      <Filter>Lua</Filter>
    </ClInclude>
    <ClInclude Include="..\..\CPPScripts\Lua\lprefix.h">
      <Filter>Lua</Filter>
    </ClInclude>
    <ClInclude Include="..\..\CPPScripts\Lua\lstate.h">
      <Filter>Lua</Filter>
    </ClInclude>
    <ClInclude Include="..\..\CPPScripts\Lua\lstring.h">
      <Filter>Lua</Filter>
    </ClInclude>
    <ClInclude Include="..\..\CPPScripts\Lua\ltable.h">
      <Filter>Lua</Filter>
    </ClInclude>
    <ClInclude Include="..\..\CPPScripts\Lua\ltm.h">
      <Filter>Lua</Filter>
    </ClInclude>
    <ClInclude Include="..\..\CPPScripts\Lua\lua.h">
      <Filter>Lua</Filter>
    </ClInclude>
    <ClInclude Include="..\..\CPPScripts\Lua\lua.hpp">
      <Filter>Lua</Filter>
    </ClInclude>
    <ClInclude Include="..\..\CPPScripts\Lua\luaconf.h">
      <Filter>Lua</Filter>
    </ClInclude>
    <ClInclude Include="..\..\CPPScripts\Lua\lualib.h">
      <Filter>Lua</Filter>
    </ClInclude>
    <ClInclude Include="..\..\CPPScripts\Lua\lundump.h">
      <Filter>Lua</Filter>
    </ClInclude>
    <ClInclude Include="..\..\CPPScripts\Lua\lvm.h">
      <Filter>Lua</Filter>
    </ClInclude>
    <ClInclude Include="..\..\CPPScripts\Lua\lzio.h">
      <Filter>Lua</Filter>
    </ClInclude>
    <ClInclude Include="..\..\CPPScripts\LuaWrap\Lua_Debug.h">
      <Filter>LuaWrap</Filter>
    </ClInclude>
    <ClInclude Include="..\..\CPPScripts\LuaWrap\LuaWrap.h">
      <Filter>LuaWrap</Filter>
    </ClInclude>
    <ClInclude Include="..\..\CPPScripts\LuaManager.h">
      <Filter>头文件</Filter>
    </ClInclude>
    <ClInclude Include="..\..\CPPScripts\LuaWrap\Lua_Resources.h">
      <Filter>LuaWrap</Filter>
    </ClInclude>
    <ClInclude Include="..\..\CPPScripts\GameLogic.h">
      <Filter>头文件</Filter>
    </ClInclude>
    <ClInclude Include="..\..\CPPScripts\GameLogicManager.h">
      <Filter>头文件</Filter>
    </ClInclude>
    <ClInclude Include="..\..\CPPScripts\LuaWrap\Lua_Transform.h">
      <Filter>LuaWrap</Filter>
    </ClInclude>
    <ClInclude Include="..\..\CPPScripts\LuaWrap\Lua_Time.h">
      <Filter>LuaWrap</Filter>
    </ClInclude>
    <ClInclude Include="..\..\CPPScripts\FBOManager.h">
      <Filter>头文件</Filter>
    </ClInclude>
    <ClInclude Include="..\..\CPPScripts\FrameBufferObject.h">
      <Filter>头文件</Filter>
    </ClInclude>
    <ClInclude Include="..\..\CPPScripts\GlobalData.h">
      <Filter>头文件</Filter>
    </ClInclude>
    <ClInclude Include="..\..\CPPScripts\RenderPassAfterEffectRendering.h">
      <Filter>头文件</Filter>
    </ClInclude>
    <ClInclude Include="..\..\CPPScripts\RenderPassUIRendering.h">
      <Filter>头文件</Filter>
    </ClInclude>
    <ClInclude Include="..\..\CPPScripts\UITextRenderer.h">
      <Filter>头文件</Filter>
    </ClInclude>
    <ClInclude Include="..\..\CPPScripts\TextCharactersManager.h">
      <Filter>头文件</Filter>
    </ClInclude>
    <ClInclude Include="..\..\CPPScripts\DynamicMesh.h">
      <Filter>头文件</Filter>
    </ClInclude>
    <ClInclude Include="..\..\CPPScripts\UITextureRenderer.h">
      <Filter>头文件</Filter>
    </ClInclude>
    <ClInclude Include="..\..\CPPScripts\LuaWrap\Lua_GameObject.h">
      <Filter>LuaWrap</Filter>
    </ClInclude>
    <ClInclude Include="..\..\CPPScripts\LuaWrap\Lua_UITextRenderer.h">
      <Filter>LuaWrap</Filter>
    </ClInclude>
    <ClInclude Include="..\..\CPPScripts\ParticleSystem.h">
      <Filter>头文件</Filter>
    </ClInclude>
    <ClInclude Include="..\..\CPPScripts\ParticleSystemManager.h">
      <Filter>头文件</Filter>
    </ClInclude>
    <ClInclude Include="..\..\CPPScripts\Math\Vector2.h">
      <Filter>Math</Filter>
    </ClInclude>
    <ClInclude Include="..\..\CPPScripts\Math\Vector3.h">
      <Filter>Math</Filter>
    </ClInclude>
    <ClInclude Include="..\..\CPPScripts\Math\Vector4.h">
      <Filter>Math</Filter>
    </ClInclude>
    <ClInclude Include="..\..\CPPScripts\Math\Matrix3.h">
      <Filter>Math</Filter>
    </ClInclude>
    <ClInclude Include="..\..\CPPScripts\Math\Matrix4.h">
      <Filter>Math</Filter>
    </ClInclude>
    <ClInclude Include="..\..\CPPScripts\Math\Quaternion.h">
      <Filter>Math</Filter>
    </ClInclude>
    <ClInclude Include="..\..\CPPScripts\ProjectSetting.h">
      <Filter>头文件</Filter>
    </ClInclude>
    <ClInclude Include="..\..\CPPScripts\ImGui\imconfig.h">
      <Filter>ImGui</Filter>
    </ClInclude>
    <ClInclude Include="..\..\CPPScripts\ImGui\imgui.h">
      <Filter>ImGui</Filter>
    </ClInclude>
    <ClInclude Include="..\..\CPPScripts\ImGui\imgui_impl_glfw.h">
      <Filter>ImGui</Filter>
    </ClInclude>
    <ClInclude Include="..\..\CPPScripts\ImGui\imgui_impl_opengl3.h">
      <Filter>ImGui</Filter>
    </ClInclude>
    <ClInclude Include="..\..\CPPScripts\ImGui\imgui_impl_opengl3_loader.h">
      <Filter>ImGui</Filter>
    </ClInclude>
    <ClInclude Include="..\..\CPPScripts\ImGui\imgui_internal.h">
      <Filter>ImGui</Filter>
    </ClInclude>
    <ClInclude Include="..\..\CPPScripts\ImGui\imstb_rectpack.h">
      <Filter>ImGui</Filter>
    </ClInclude>
    <ClInclude Include="..\..\CPPScripts\ImGui\imstb_textedit.h">
      <Filter>ImGui</Filter>
    </ClInclude>
    <ClInclude Include="..\..\CPPScripts\ImGui\imstb_truetype.h">
      <Filter>ImGui</Filter>
    </ClInclude>
    <ClInclude Include="..\..\CPPScripts\LuaWrap\Lua_InputManager.h">
      <Filter>LuaWrap</Filter>
    </ClInclude>
    <ClInclude Include="..\..\CPPScripts\Editor\EditorGUIManager.h">
      <Filter>Editor</Filter>
    </ClInclude>
    <ClInclude Include="..\..\CPPScripts\Editor\EditorPanel.h">
      <Filter>Editor</Filter>
    </ClInclude>
    <ClInclude Include="..\..\CPPScripts\Editor\EditorHierarchyPanel.h">
      <Filter>Editor</Filter>
    </ClInclude>
    <ClInclude Include="..\..\CPPScripts\Editor\EditorProjectPanel.h">
      <Filter>Editor</Filter>
    </ClInclude>
    <ClInclude Include="..\..\CPPScripts\Editor\EditorInspectorPanel.h">
      <Filter>Editor</Filter>
    </ClInclude>
    <ClInclude Include="..\..\CPPScripts\Editor\EditorMainBarPanel.h">
      <Filter>Editor</Filter>
    </ClInclude>
    <ClInclude Include="..\..\CPPScripts\Editor\EditorDataManager.h">
      <Filter>Editor</Filter>
    </ClInclude>
    <ClInclude Include="..\..\CPPScripts\Editor\EditorAssetPreviewer.h">
      <Filter>Editor</Filter>
    </ClInclude>
  </ItemGroup>
</Project>